
Microsoft Visual Studio Solution File, Format Version 12.00
# Visual Studio Version 16
VisualStudioVersion = 16.0.30711.63
MinimumVisualStudioVersion = 10.0.40219.1
Project("{FAE04EC0-301F-11D3-BF4B-00C04F79EFBC}") = "GetSeqProj", "GetSeqProj\GetSeqProj.csproj", "{ACF90BA4-F274-4E92-8136-10780CECCB2D}"
EndProject
Global
	GlobalSection(SolutionConfigurationPlatforms) = preSolution
		Debug|Any CPU = Debug|Any CPU
		Release|Any CPU = Release|Any CPU
	EndGlobalSection
	GlobalSection(ProjectConfigurationPlatforms) = postSolution
		{ACF90BA4-F274-4E92-8136-10780CECCB2D}.Debug|Any CPU.ActiveCfg = Debug|Any CPU
		{ACF90BA4-F274-4E92-8136-10780CECCB2D}.Debug|Any CPU.Build.0 = Debug|Any CPU
		{ACF90BA4-F274-4E92-8136-10780CECCB2D}.Release|Any CPU.ActiveCfg = Release|Any CPU
		{ACF90BA4-F274-4E92-8136-10780CECCB2D}.Release|Any CPU.Build.0 = Release|Any CPU
	EndGlobalSection
	GlobalSection(SolutionProperties) = preSolution
		HideSolutionNode = FALSE
	EndGlobalSection
	GlobalSection(ExtensibilityGlobals) = postSolution
		SolutionGuid = {ED4060A3-4348-4F11-8F7B-8E85C3B6A835}
	EndGlobalSection
EndGlobal
